
Microsoft Visual Studio Solution File, Format Version 12.00
# Visual Studio Version 17
VisualStudioVersion = 17.14.37328.6
MinimumVisualStudioVersion = 10.0.40219.1
Project("{FAE04EC0-301F-11D3-BF4B-00C04F79EFBC}") = "AuthenticationService.API", "AuthenticationService.API\AuthenticationService.API.csproj", "{FF3527C7-8FC6-4F12-A2E0-123B5969AA7B}"
EndProject
Project("{FAE04EC0-301F-11D3-BF4B-00C04F79EFBC}") = "AuthenticationService.Business", "AuthenticationService.Business\AuthenticationService.Business.csproj", "{22B6213B-0073-4B42-9BFE-AD3169DBCB51}"
EndProject
Project("{FAE04EC0-301F-11D3-BF4B-00C04F79EFBC}") = "AuthenticationService.Repository", "AuthenticationService.Repository\AuthenticationService.Repository.csproj", "{A299A183-973F-4669-9128-2BB61D9F17DC}"
EndProject
Project("{FAE04EC0-301F-11D3-BF4B-00C04F79EFBC}") = "AuthenticationService.WinForms", "AuthenticationService.WinForms\AuthenticationService.WinForms.csproj", "{EC7376E8-5069-4C64-A458-11E8C6497135}"
EndProject
Global
	GlobalSection(SolutionConfigurationPlatforms) = preSolution
		Debug|Any CPU = Debug|Any CPU
		Release|Any CPU = Release|Any CPU
	EndGlobalSection
	GlobalSection(ProjectConfigurationPlatforms) = postSolution
		{FF3527C7-8FC6-4F12-A2E0-123B5969AA7B}.Debug|Any CPU.ActiveCfg = Debug|Any CPU
		{FF3527C7-8FC6-4F12-A2E0-123B5969AA7B}.Debug|Any CPU.Build.0 = Debug|Any CPU
		{FF3527C7-8FC6-4F12-A2E0-123B5969AA7B}.Release|Any CPU.ActiveCfg = Release|Any CPU
		{FF3527C7-8FC6-4F12-A2E0-123B5969AA7B}.Release|Any CPU.Build.0 = Release|Any CPU
		{22B6213B-0073-4B42-9BFE-AD3169DBCB51}.Debug|Any CPU.ActiveCfg = Debug|Any CPU
		{22B6213B-0073-4B42-9BFE-AD3169DBCB51}.Debug|Any CPU.Build.0 = Debug|Any CPU
		{22B6213B-0073-4B42-9BFE-AD3169DBCB51}.Release|Any CPU.ActiveCfg = Release|Any CPU
		{22B6213B-0073-4B42-9BFE-AD3169DBCB51}.Release|Any CPU.Build.0 = Release|Any CPU
		{A299A183-973F-4669-9128-2BB61D9F17DC}.Debug|Any CPU.ActiveCfg = Debug|Any CPU
		{A299A183-973F-4669-9128-2BB61D9F17DC}.Debug|Any CPU.Build.0 = Debug|Any CPU
		{A299A183-973F-4669-9128-2BB61D9F17DC}.Release|Any CPU.ActiveCfg = Release|Any CPU
		{A299A183-973F-4669-9128-2BB61D9F17DC}.Release|Any CPU.Build.0 = Release|Any CPU
		{EC7376E8-5069-4C64-A458-11E8C6497135}.Debug|Any CPU.ActiveCfg = Debug|Any CPU
		{EC7376E8-5069-4C64-A458-11E8C6497135}.Debug|Any CPU.Build.0 = Debug|Any CPU
		{EC7376E8-5069-4C64-A458-11E8C6497135}.Release|Any CPU.ActiveCfg = Release|Any CPU
		{EC7376E8-5069-4C64-A458-11E8C6497135}.Release|Any CPU.Build.0 = Release|Any CPU
	EndGlobalSection
	GlobalSection(SolutionProperties) = preSolution
		HideSolutionNode = FALSE
	EndGlobalSection
	GlobalSection(ExtensibilityGlobals) = postSolution
		SolutionGuid = {DCDBC889-8BF8-4EE2-8781-0DCEA06AEE6B}
	EndGlobalSection
EndGlobal
